// !$*UTF8*$!
{
	archiveVersion = 1;
	classes = {
	};
	objectVersion = 46;
	objects = {

/* Begin PBXBuildFile section */
		BA30A2DC1C68F46C00CCB540 /* AppDelegate.swift in Sources */ = {isa = PBXBuildFile; fileRef = BA30A2DB1C68F46C00CCB540 /* AppDelegate.swift */; };
		BA30A2DE1C68F46C00CCB540 /* ViewController.swift in Sources */ = {isa = PBXBuildFile; fileRef = BA30A2DD1C68F46C00CCB540 /* ViewController.swift */; };
		BA30A2E11C68F46C00CCB540 /* Main.storyboard in Resources */ = {isa = PBXBuildFile; fileRef = BA30A2DF1C68F46C00CCB540 /* Main.storyboard */; };
		BA30A2E31C68F46C00CCB540 /* Assets.xcassets in Resources */ = {isa = PBXBuildFile; fileRef = BA30A2E21C68F46C00CCB540 /* Assets.xcassets */; };
		BA30A2E61C68F46C00CCB540 /* LaunchScreen.storyboard in Resources */ = {isa = PBXBuildFile; fileRef = BA30A2E41C68F46C00CCB540 /* LaunchScreen.storyboard */; };
		BA30A2F11C68F46D00CCB540 /* iped2Tests.swift in Sources */ = {isa = PBXBuildFile; fileRef = BA30A2F01C68F46D00CCB540 /* iped2Tests.swift */; };
		BA30A2FC1C68F46D00CCB540 /* iped2UITests.swift in Sources */ = {isa = PBXBuildFile; fileRef = BA30A2FB1C68F46D00CCB540 /* iped2UITests.swift */; };
/* End PBXBuildFile section */

/* Begin PBXContainerItemProxy section */
		BA30A2ED1C68F46D00CCB540 /* PBXContainerItemProxy */ = {
			isa = PBXContainerItemProxy;
			containerPortal = BA30A2D01C68F46C00CCB540 /* Project object */;
			proxyType = 1;
			remoteGlobalIDString = BA30A2D71C68F46C00CCB540;
			remoteInfo = iped2;
		};
		BA30A2F81C68F46D00CCB540 /* PBXContainerItemProxy */ = {
			isa = PBXContainerItemProxy;
			containerPortal = BA30A2D01C68F46C00CCB540 /* Project object */;
			proxyType = 1;
			remoteGlobalIDString = BA30A2D71C68F46C00CCB540;
			remoteInfo = iped2;
		};
/* End PBXContainerItemProxy section */

/* Begin PBXFileReference section */
		BA30A2D81C68F46C00CCB540 /* iped2.app */ = {isa = PBXFileReference; explicitFileType = wrapper.application; includeInIndex = 0; path = iped2.app; sourceTree = BUILT_PRODUCTS_DIR; };
		BA30A2DB1C68F46C00CCB540 /* AppDelegate.swift */ = {isa = PBXFileReference; lastKnownFileType = sourcecode.swift; path = AppDelegate.swift; sourceTree = "<group>"; };
		BA30A2DD1C68F46C00CCB540 /* ViewController.swift */ = {isa = PBXFileReference; lastKnownFileType = sourcecode.swift; path = ViewController.swift; sourceTree = "<group>"; };
		BA30A2E01C68F46C00CCB540 /* Base */ = {isa = PBXFileReference; lastKnownFileType = file.storyboard; name = Base; path = Base.lproj/Main.storyboard; sourceTree = "<group>"; };
		BA30A2E21C68F46C00CCB540 /* Assets.xcassets */ = {isa = PBXFileReference; lastKnownFileType = folder.assetcatalog; path = Assets.xcassets; sourceTree = "<group>"; };
		BA30A2E51C68F46C00CCB540 /* Base */ = {isa = PBXFileReference; lastKnownFileType = file.storyboard; name = Base; path = Base.lproj/LaunchScreen.storyboard; sourceTree = "<group>"; };
		BA30A2E71C68F46C00CCB540 /* Info.plist */ = {isa = PBXFileReference; lastKnownFileType = text.plist.xml; path = Info.plist; sourceTree = "<group>"; };
		BA30A2EC1C68F46D00CCB540 /* iped2Tests.xctest */ = {isa = PBXFileReference; explicitFileType = wrapper.cfbundle; includeInIndex = 0; path = iped2Tests.xctest; sourceTree = BUILT_PRODUCTS_DIR; };
		BA30A2F01C68F46D00CCB540 /* iped2Tests.swift */ = {isa = PBXFileReference; lastKnownFileType = sourcecode.swift; path = iped2Tests.swift; sourceTree = "<group>"; };
		BA30A2F21C68F46D00CCB540 /* Info.plist */ = {isa = PBXFileReference; lastKnownFileType = text.plist.xml; path = Info.plist; sourceTree = "<group>"; };
		BA30A2F71C68F46D00CCB540 /* iped2UITests.xctest */ = {isa = PBXFileReference; explicitFileType = wrapper.cfbundle; includeInIndex = 0; path = iped2UITests.xctest; sourceTree = BUILT_PRODUCTS_DIR; };
		BA30A2FB1C68F46D00CCB540 /* iped2UITests.swift */ = {isa = PBXFileReference; lastKnownFileType = sourcecode.swift; path = iped2UITests.swift; sourceTree = "<group>"; };
		BA30A2FD1C68F46D00CCB540 /* Info.plist */ = {isa = PBXFileReference; lastKnownFileType = text.plist.xml; path = Info.plist; sourceTree = "<group>"; };
/* End PBXFileReference section */

/* Begin PBXFrameworksBuildPhase section */
		BA30A2D51C68F46C00CCB540 /* Frameworks */ = {
			isa = PBXFrameworksBuildPhase;
			buildActionMask = 2147483647;
			files = (
			);
			runOnlyForDeploymentPostprocessing = 0;
		};
		BA30A2E91C68F46D00CCB540 /* Frameworks */ = {
			isa = PBXFrameworksBuildPhase;
			buildActionMask = 2147483647;
			files = (
			);
			runOnlyForDeploymentPostprocessing = 0;
		};
		BA30A2F41C68F46D00CCB540 /* Frameworks */ = {
			isa = PBXFrameworksBuildPhase;
			buildActionMask = 2147483647;
			files = (
			);
			runOnlyForDeploymentPostprocessing = 0;
		};
/* End PBXFrameworksBuildPhase section */

/* Begin PBXGroup section */
		BA30A2CF1C68F46C00CCB540 = {
			isa = PBXGroup;
			children = (
				BA30A2DA1C68F46C00CCB540 /* iped2 */,
				BA30A2EF1C68F46D00CCB540 /* iped2Tests */,
				BA30A2FA1C68F46D00CCB540 /* iped2UITests */,
				BA30A2D91C68F46C00CCB540 /* Products */,
			);
			sourceTree = "<group>";
		};
		BA30A2D91C68F46C00CCB540 /* Products */ = {
			isa = PBXGroup;
			children = (
				BA30A2D81C68F46C00CCB540 /* iped2.app */,
				BA30A2EC1C68F46D00CCB540 /* iped2Tests.xctest */,
				BA30A2F71C68F46D00CCB540 /* iped2UITests.xctest */,
			);
			name = Products;
			sourceTree = "<group>";
		};
		BA30A2DA1C68F46C00CCB540 /* iped2 */ = {
			isa = PBXGroup;
			children = (
				BA30A2DB1C68F46C00CCB540 /* AppDelegate.swift */,
				BA30A2DD1C68F46C00CCB540 /* ViewController.swift */,
				BA30A2DF1C68F46C00CCB540 /* Main.storyboard */,
				BA30A2E21C68F46C00CCB540 /* Assets.xcassets */,
				BA30A2E41C68F46C00CCB540 /* LaunchScreen.storyboard */,
				BA30A2E71C68F46C00CCB540 /* Info.plist */,
			);
			path = iped2;
			sourceTree = "<group>";
		};
		BA30A2EF1C68F46D00CCB540 /* iped2Tests */ = {
			isa = PBXGroup;
			children = (
				BA30A2F01C68F46D00CCB540 /* iped2Tests.swift */,
				BA30A2F21C68F46D00CCB540 /* Info.plist */,
			);
			path = iped2Tests;
			sourceTree = "<group>";
		};
		BA30A2FA1C68F46D00CCB540 /* iped2UITests */ = {
			isa = PBXGroup;
			children = (
				BA30A2FB1C68F46D00CCB540 /* iped2UITests.swift */,
				BA30A2FD1C68F46D00CCB540 /* Info.plist */,
			);
			path = iped2UITests;
			sourceTree = "<group>";
		};
/* End PBXGroup section */

/* Begin PBXNativeTarget section */
		BA30A2D71C68F46C00CCB540 /* iped2 */ = {
			isa = PBXNativeTarget;
			buildConfigurationList = BA30A3001C68F46D00CCB540 /* Build configuration list for PBXNativeTarget "iped2" */;
			buildPhases = (
				BA30A2D41C68F46C00CCB540 /* Sources */,
				BA30A2D51C68F46C00CCB540 /* Frameworks */,
				BA30A2D61C68F46C00CCB540 /* Resources */,
			);
			buildRules = (
			);
			dependencies = (
			);
			name = iped2;
			productName = iped2;
			productReference = BA30A2D81C68F46C00CCB540 /* iped2.app */;
			productType = "com.apple.product-type.application";
		};
		BA30A2EB1C68F46D00CCB540 /* iped2Tests */ = {
			isa = PBXNativeTarget;
			buildConfigurationList = BA30A3031C68F46D00CCB540 /* Build configuration list for PBXNativeTarget "iped2Tests" */;
			buildPhases = (
				BA30A2E81C68F46D00CCB540 /* Sources */,
				BA30A2E91C68F46D00CCB540 /* Frameworks */,
				BA30A2EA1C68F46D00CCB540 /* Resources */,
			);
			buildRules = (
			);
			dependencies = (
				BA30A2EE1C68F46D00CCB540 /* PBXTargetDependency */,
			);
			name = iped2Tests;
			productName = iped2Tests;
			productReference = BA30A2EC1C68F46D00CCB540 /* iped2Tests.xctest */;
			productType = "com.apple.product-type.bundle.unit-test";
		};
		BA30A2F61C68F46D00CCB540 /* iped2UITests */ = {
			isa = PBXNativeTarget;
			buildConfigurationList = BA30A3061C68F46D00CCB540 /* Build configuration list for PBXNativeTarget "iped2UITests" */;
			buildPhases = (
				BA30A2F31C68F46D00CCB540 /* Sources */,
				BA30A2F41C68F46D00CCB540 /* Frameworks */,
				BA30A2F51C68F46D00CCB540 /* Resources */,
			);
			buildRules = (
			);
			dependencies = (
				BA30A2F91C68F46D00CCB540 /* PBXTargetDependency */,
			);
			name = iped2UITests;
			productName = iped2UITests;
			productReference = BA30A2F71C68F46D00CCB540 /* iped2UITests.xctest */;
			productType = "com.apple.product-type.bundle.ui-testing";
		};
/* End PBXNativeTarget section */

/* Begin PBXProject section */
		BA30A2D01C68F46C00CCB540 /* Project object */ = {
			isa = PBXProject;
			attributes = {
				LastSwiftUpdateCheck = 0720;
				LastUpgradeCheck = 0720;
				ORGANIZATIONNAME = itvirtuoso;
				TargetAttributes = {
					BA30A2D71C68F46C00CCB540 = {
						CreatedOnToolsVersion = 7.2.1;
						DevelopmentTeam = 6F2FKWPMAX;
					};
					BA30A2EB1C68F46D00CCB540 = {
						CreatedOnToolsVersion = 7.2.1;
						DevelopmentTeam = 6F2FKWPMAX;
						TestTargetID = BA30A2D71C68F46C00CCB540;
					};
					BA30A2F61C68F46D00CCB540 = {
						CreatedOnToolsVersion = 7.2.1;
						DevelopmentTeam = 6F2FKWPMAX;
						TestTargetID = BA30A2D71C68F46C00CCB540;
					};
				};
			};
			buildConfigurationList = BA30A2D31C68F46C00CCB540 /* Build configuration list for PBXProject "iped2" */;
			compatibilityVersion = "Xcode 3.2";
			developmentRegion = English;
			hasScannedForEncodings = 0;
			knownRegions = (
				en,
				Base,
			);
			mainGroup = BA30A2CF1C68F46C00CCB540;
			productRefGroup = BA30A2D91C68F46C00CCB540 /* Products */;
			projectDirPath = "";
			projectRoot = "";
			targets = (
				BA30A2D71C68F46C00CCB540 /* iped2 */,
				BA30A2EB1C68F46D00CCB540 /* iped2Tests */,
				BA30A2F61C68F46D00CCB540 /* iped2UITests */,
			);
		};
/* End PBXProject section */

/* Begin PBXResourcesBuildPhase section */
		BA30A2D61C68F46C00CCB540 /* Resources */ = {
			isa = PBXResourcesBuildPhase;
			buildActionMask = 2147483647;
			files = (
				BA30A2E61C68F46C00CCB540 /* LaunchScreen.storyboard in Resources */,
				BA30A2E31C68F46C00CCB540 /* Assets.xcassets in Resources */,
				BA30A2E11C68F46C00CCB540 /* Main.storyboard in Resources */,
			);
			runOnlyForDeploymentPostprocessing = 0;
		};
		BA30A2EA1C68F46D00CCB540 /* Resources */ = {
			isa = PBXResourcesBuildPhase;
			buildActionMask = 2147483647;
			files = (
			);
			runOnlyForDeploymentPostprocessing = 0;
		};
		BA30A2F51C68F46D00CCB540 /* Resources */ = {
			isa = PBXResourcesBuildPhase;
			buildActionMask = 2147483647;
			files = (
			);
			runOnlyForDeploymentPostprocessing = 0;
		};
/* End PBXResourcesBuildPhase section */

/* Begin PBXSourcesBuildPhase section */
		BA30A2D41C68F46C00CCB540 /* Sources */ = {
			isa = PBXSourcesBuildPhase;
			buildActionMask = 2147483647;
			files = (
				BA30A2DE1C68F46C00CCB540 /* ViewController.swift in Sources */,
				BA30A2DC1C68F46C00CCB540 /* AppDelegate.swift in Sources */,
			);
			runOnlyForDeploymentPostprocessing = 0;
		};
		BA30A2E81C68F46D00CCB540 /* Sources */ = {
			isa = PBXSourcesBuildPhase;
			buildActionMask = 2147483647;
			files = (
				BA30A2F11C68F46D00CCB540 /* iped2Tests.swift in Sources */,
			);
			runOnlyForDeploymentPostprocessing = 0;
		};
		BA30A2F31C68F46D00CCB540 /* Sources */ = {
			isa = PBXSourcesBuildPhase;
			buildActionMask = 2147483647;
			files = (
				BA30A2FC1C68F46D00CCB540 /* iped2UITests.swift in Sources */,
			);
			runOnlyForDeploymentPostprocessing = 0;
		};
/* End PBXSourcesBuildPhase section */

/* Begin PBXTargetDependency section */
		BA30A2EE1C68F46D00CCB540 /* PBXTargetDependency */ = {
			isa = PBXTargetDependency;
			target = BA30A2D71C68F46C00CCB540 /* iped2 */;
			targetProxy = BA30A2ED1C68F46D00CCB540 /* PBXContainerItemProxy */;
		};
		BA30A2F91C68F46D00CCB540 /* PBXTargetDependency */ = {
			isa = PBXTargetDependency;
			target = BA30A2D71C68F46C00CCB540 /* iped2 */;
			targetProxy = BA30A2F81C68F46D00CCB540 /* PBXContainerItemProxy */;
		};
/* End PBXTargetDependency section */

/* Begin PBXVariantGroup section */
		BA30A2DF1C68F46C00CCB540 /* Main.storyboard */ = {
			isa = PBXVariantGroup;
			children = (
				BA30A2E01C68F46C00CCB540 /* Base */,
			);
			name = Main.storyboard;
			sourceTree = "<group>";
		};
		BA30A2E41C68F46C00CCB540 /* LaunchScreen.storyboard */ = {
			isa = PBXVariantGroup;
			children = (
				BA30A2E51C68F46C00CCB540 /* Base */,
			);
			name = LaunchScreen.storyboard;
			sourceTree = "<group>";
		};
/* End PBXVariantGroup section */

/* Begin XCBuildConfiguration section */
		BA30A2FE1C68F46D00CCB540 /* Debug */ = {
			isa = XCBuildConfiguration;
			buildSettings = {
				ALWAYS_SEARCH_USER_PATHS = NO;
				CLANG_CXX_LANGUAGE_STANDARD = "gnu++0x";
				CLANG_CXX_LIBRARY = "libc++";
				CLANG_ENABLE_MODULES = YES;
				CLANG_ENABLE_OBJC_ARC = YES;
				CLANG_WARN_BOOL_CONVERSION = YES;
				CLANG_WARN_CONSTANT_CONVERSION = YES;
				CLANG_WARN_DIRECT_OBJC_ISA_USAGE = YES_ERROR;
				CLANG_WARN_EMPTY_BODY = YES;
				CLANG_WARN_ENUM_CONVERSION = YES;
				CLANG_WARN_INT_CONVERSION = YES;
				CLANG_WARN_OBJC_ROOT_CLASS = YES_ERROR;
				CLANG_WARN_UNREACHABLE_CODE = YES;
				CLANG_WARN__DUPLICATE_METHOD_MATCH = YES;
				"CODE_SIGN_IDENTITY[sdk=iphoneos*]" = "iPhone Developer";
				COPY_PHASE_STRIP = NO;
				DEBUG_INFORMATION_FORMAT = dwarf;
				ENABLE_STRICT_OBJC_MSGSEND = YES;
				ENABLE_TESTABILITY = YES;
				GCC_C_LANGUAGE_STANDARD = gnu99;
				GCC_DYNAMIC_NO_PIC = NO;
				GCC_NO_COMMON_BLOCKS = YES;
				GCC_OPTIMIZATION_LEVEL = 0;
				GCC_PREPROCESSOR_DEFINITIONS = (
					"DEBUG=1",
					"$(inherited)",
				);
				GCC_WARN_64_TO_32_BIT_CONVERSION = YES;
				GCC_WARN_ABOUT_RETURN_TYPE = YES_ERROR;
				GCC_WARN_UNDECLARED_SELECTOR = YES;
				GCC_WARN_UNINITIALIZED_AUTOS = YES_AGGRESSIVE;
				GCC_WARN_UNUSED_FUNCTION = YES;
				GCC_WARN_UNUSED_VARIABLE = YES;
				IPHONEOS_DEPLOYMENT_TARGET = 8.0;
				MTL_ENABLE_DEBUG_INFO = YES;
				ONLY_ACTIVE_ARCH = YES;
				SDKROOT = iphoneos;
				SWIFT_OPTIMIZATION_LEVEL = "-Onone";
				TARGETED_DEVICE_FAMILY = "1,2";
			};
			name = Debug;
		};
		BA30A2FF1C68F46D00CCB540 /* Release */ = {
			isa = XCBuildConfiguration;
			buildSettings = {
				ALWAYS_SEARCH_USER_PATHS = NO;
				CLANG_CXX_LANGUAGE_STANDARD = "gnu++0x";
				CLANG_CXX_LIBRARY = "libc++";
				CLANG_ENABLE_MODULES = YES;
				CLANG_ENABLE_OBJC_ARC = YES;
				CLANG_WARN_BOOL_CONVERSION = YES;
				CLANG_WARN_CONSTANT_CONVERSION = YES;
				CLANG_WARN_DIRECT_OBJC_ISA_USAGE = YES_ERROR;
				CLANG_WARN_EMPTY_BODY = YES;
				CLANG_WARN_ENUM_CONVERSION = YES;
				CLANG_WARN_INT_CONVERSION = YES;
				CLANG_WARN_OBJC_ROOT_CLASS = YES_ERROR;
				CLANG_WARN_UNREACHABLE_CODE = YES;
				CLANG_WARN__DUPLICATE_METHOD_MATCH = YES;
				"CODE_SIGN_IDENTITY[sdk=iphoneos*]" = "iPhone Developer";
				COPY_PHASE_STRIP = NO;
				DEBUG_INFORMATION_FORMAT = "dwarf-with-dsym";
				ENABLE_NS_ASSERTIONS = NO;
				ENABLE_STRICT_OBJC_MSGSEND = YES;
				GCC_C_LANGUAGE_STANDARD = gnu99;
				GCC_NO_COMMON_BLOCKS = YES;
				GCC_WARN_64_TO_32_BIT_CONVERSION = YES;
				GCC_WARN_ABOUT_RETURN_TYPE = YES_ERROR;
				GCC_WARN_UNDECLARED_SELECTOR = YES;
				GCC_WARN_UNINITIALIZED_AUTOS = YES_AGGRESSIVE;
				GCC_WARN_UNUSED_FUNCTION = YES;
				GCC_WARN_UNUSED_VARIABLE = YES;
				IPHONEOS_DEPLOYMENT_TARGET = 8.0;
				MTL_ENABLE_DEBUG_INFO = NO;
				SDKROOT = iphoneos;
				TARGETED_DEVICE_FAMILY = "1,2";
				VALIDATE_PRODUCT = YES;
			};
			name = Release;
		};
		BA30A3011C68F46D00CCB540 /* Debug */ = {
			isa = XCBuildConfiguration;
			buildSettings = {
				ASSETCATALOG_COMPILER_APPICON_NAME = AppIcon;
				INFOPLIST_FILE = iped2/Info.plist;
				LD_RUNPATH_SEARCH_PATHS = "$(inherited) @executable_path/Frameworks";
				PRODUCT_BUNDLE_IDENTIFIER = red.itvirtuoso.iped2;
				PRODUCT_NAME = "$(TARGET_NAME)";
			};
			name = Debug;
		};
		BA30A3021C68F46D00CCB540 /* Release */ = {
			isa = XCBuildConfiguration;
			buildSettings = {
				ASSETCATALOG_COMPILER_APPICON_NAME = AppIcon;
				INFOPLIST_FILE = iped2/Info.plist;
				LD_RUNPATH_SEARCH_PATHS = "$(inherited) @executable_path/Frameworks";
				PRODUCT_BUNDLE_IDENTIFIER = red.itvirtuoso.iped2;
				PRODUCT_NAME = "$(TARGET_NAME)";
			};
			name = Release;
		};
		BA30A3041C68F46D00CCB540 /* Debug */ = {
			isa = XCBuildConfiguration;
			buildSettings = {
				BUNDLE_LOADER = "$(TEST_HOST)";
				INFOPLIST_FILE = iped2Tests/Info.plist;
				LD_RUNPATH_SEARCH_PATHS = "$(inherited) @executable_path/Frameworks @loader_path/Frameworks";
				PRODUCT_BUNDLE_IDENTIFIER = red.itvirtuoso.iped2Tests;
				PRODUCT_NAME = "$(TARGET_NAME)";
				TEST_HOST = "$(BUILT_PRODUCTS_DIR)/iped2.app/iped2";
			};
			name = Debug;
		};
		BA30A3051C68F46D00CCB540 /* Release */ = {
			isa = XCBuildConfiguration;
			buildSettings = {
				BUNDLE_LOADER = "$(TEST_HOST)";
				INFOPLIST_FILE = iped2Tests/Info.plist;
				LD_RUNPATH_SEARCH_PATHS = "$(inherited) @executable_path/Frameworks @loader_path/Frameworks";
				PRODUCT_BUNDLE_IDENTIFIER = red.itvirtuoso.iped2Tests;
				PRODUCT_NAME = "$(TARGET_NAME)";
				TEST_HOST = "$(BUILT_PRODUCTS_DIR)/iped2.app/iped2";
			};
			name = Release;
		};
		BA30A3071C68F46D00CCB540 /* Debug */ = {
			isa = XCBuildConfiguration;
			buildSettings = {
				INFOPLIST_FILE = iped2UITests/Info.plist;
				LD_RUNPATH_SEARCH_PATHS = "$(inherited) @executable_path/Frameworks @loader_path/Frameworks";
				PRODUCT_BUNDLE_IDENTIFIER = red.itvirtuoso.iped2UITests;
				PRODUCT_NAME = "$(TARGET_NAME)";
				TEST_TARGET_NAME = iped2;
				USES_XCTRUNNER = YES;
			};
			name = Debug;
		};
		BA30A3081C68F46D00CCB540 /* Release */ = {
			isa = XCBuildConfiguration;
			buildSettings = {
				INFOPLIST_FILE = iped2UITests/Info.plist;
				LD_RUNPATH_SEARCH_PATHS = "$(inherited) @executable_path/Frameworks @loader_path/Frameworks";
				PRODUCT_BUNDLE_IDENTIFIER = red.itvirtuoso.iped2UITests;
				PRODUCT_NAME = "$(TARGET_NAME)";
				TEST_TARGET_NAME = iped2;
				USES_XCTRUNNER = YES;
			};
			name = Release;
		};
/* End XCBuildConfiguration section */

/* Begin XCConfigurationList section */
		BA30A2D31C68F46C00CCB540 /* Build configuration list for PBXProject "iped2" */ = {
			isa = XCConfigurationList;
			buildConfigurations = (
				BA30A2FE1C68F46D00CCB540 /* Debug */,
				BA30A2FF1C68F46D00CCB540 /* Release */,
			);
			defaultConfigurationIsVisible = 0;
			defaultConfigurationName = Release;
		};
		BA30A3001C68F46D00CCB540 /* Build configuration list for PBXNativeTarget "iped2" */ = {
			isa = XCConfigurationList;
			buildConfigurations = (
				BA30A3011C68F46D00CCB540 /* Debug */,
				BA30A3021C68F46D00CCB540 /* Release */,
			);
			defaultConfigurationIsVisible = 0;
			defaultConfigurationName = Release;
		};
		BA30A3031C68F46D00CCB540 /* Build configuration list for PBXNativeTarget "iped2Tests" */ = {
			isa = XCConfigurationList;
			buildConfigurations = (
				BA30A3041C68F46D00CCB540 /* Debug */,
				BA30A3051C68F46D00CCB540 /* Release */,
			);
			defaultConfigurationIsVisible = 0;
			defaultConfigurationName = Release;
		};
		BA30A3061C68F46D00CCB540 /* Build configuration list for PBXNativeTarget "iped2UITests" */ = {
			isa = XCConfigurationList;
			buildConfigurations = (
				BA30A3071C68F46D00CCB540 /* Debug */,
				BA30A3081C68F46D00CCB540 /* Release */,
			);
			defaultConfigurationIsVisible = 0;
			defaultConfigurationName = Release;
		};
/* End XCConfigurationList section */
	};
	rootObject = BA30A2D01C68F46C00CCB540 /* Project object */;
}
